
Microsoft Visual Studio Solution File, Format Version 12.00
Project("{FAE04EC0-301F-11D3-BF4B-00C04F79EFBC}") = "AppSettingsDocGenerator", "AppSettingsDocGenerator\AppSettingsDocGenerator.csproj", "{03B6B948-79E5-40E6-A578-DA310150381D}"
EndProject
Project("{FAE04EC0-301F-11D3-BF4B-00C04F79EFBC}") = "WebApplication1", "WebApplication1\WebApplication1.csproj", "{97064A80-9D58-40F2-A0E4-290E12B5F068}"
EndProject
Project("{FAE04EC0-301F-11D3-BF4B-00C04F79EFBC}") = "AppSettingsDocGenerator.Scrapper", "AppSettingsDocGenerator.Scrapper\AppSettingsDocGenerator.Scrapper.csproj", "{8F63C498-E35D-4ED1-A824-51D7A37E9858}"
EndProject
Global
	GlobalSection(SolutionConfigurationPlatforms) = preSolution
		Debug|Any CPU = Debug|Any CPU
		Release|Any CPU = Release|Any CPU
	EndGlobalSection
	GlobalSection(ProjectConfigurationPlatforms) = postSolution
		{03B6B948-79E5-40E6-A578-DA310150381D}.Debug|Any CPU.ActiveCfg = Debug|Any CPU
		{03B6B948-79E5-40E6-A578-DA310150381D}.Debug|Any CPU.Build.0 = Debug|Any CPU
		{03B6B948-79E5-40E6-A578-DA310150381D}.Release|Any CPU.ActiveCfg = Release|Any CPU
		{03B6B948-79E5-40E6-A578-DA310150381D}.Release|Any CPU.Build.0 = Release|Any CPU
		{97064A80-9D58-40F2-A0E4-290E12B5F068}.Debug|Any CPU.ActiveCfg = Debug|Any CPU
		{97064A80-9D58-40F2-A0E4-290E12B5F068}.Debug|Any CPU.Build.0 = Debug|Any CPU
		{97064A80-9D58-40F2-A0E4-290E12B5F068}.Release|Any CPU.ActiveCfg = Release|Any CPU
		{97064A80-9D58-40F2-A0E4-290E12B5F068}.Release|Any CPU.Build.0 = Release|Any CPU
		{8F63C498-E35D-4ED1-A824-51D7A37E9858}.Debug|Any CPU.ActiveCfg = Debug|Any CPU
		{8F63C498-E35D-4ED1-A824-51D7A37E9858}.Debug|Any CPU.Build.0 = Debug|Any CPU
		{8F63C498-E35D-4ED1-A824-51D7A37E9858}.Release|Any CPU.ActiveCfg = Release|Any CPU
		{8F63C498-E35D-4ED1-A824-51D7A37E9858}.Release|Any CPU.Build.0 = Release|Any CPU
	EndGlobalSection
EndGlobal
